
Microsoft Visual Studio Solution File, Format Version 12.00
# Visual Studio Version 16
VisualStudioVersion = 16.0.31112.23
MinimumVisualStudioVersion = 10.0.40219.1
Project("{8BC9CEB8-8B4A-11D0-8D11-00A0C91BC942}") = "darwinHook", "darwinHook\darwinHook.vcxproj", "{85211EF1-D91E-47B3-AE9F-25FC82EDFB1B}"
EndProject
Global
	GlobalSection(SolutionConfigurationPlatforms) = preSolution
		Debug|x64 = Debug|x64
		Debug|x86 = Debug|x86
		Release|x64 = Release|x64
		Release|x86 = Release|x86
	EndGlobalSection
	GlobalSection(ProjectConfigurationPlatforms) = postSolution
		{85211EF1-D91E-47B3-AE9F-25FC82EDFB1B}.Debug|x64.ActiveCfg = Debug|x64
		{85211EF1-D91E-47B3-AE9F-25FC82EDFB1B}.Debug|x64.Build.0 = Debug|x64
		{85211EF1-D91E-47B3-AE9F-25FC82EDFB1B}.Debug|x86.ActiveCfg = Debug|Win32
		{85211EF1-D91E-47B3-AE9F-25FC82EDFB1B}.Debug|x86.Build.0 = Debug|Win32
		{85211EF1-D91E-47B3-AE9F-25FC82EDFB1B}.Release|x64.ActiveCfg = Release|x64
		{85211EF1-D91E-47B3-AE9F-25FC82EDFB1B}.Release|x64.Build.0 = Release|x64
		{85211EF1-D91E-47B3-AE9F-25FC82EDFB1B}.Release|x86.ActiveCfg = Release|Win32
		{85211EF1-D91E-47B3-AE9F-25FC82EDFB1B}.Release|x86.Build.0 = Release|Win32
	EndGlobalSection
	GlobalSection(SolutionProperties) = preSolution
		HideSolutionNode = FALSE
	EndGlobalSection
	GlobalSection(ExtensibilityGlobals) = postSolution
		SolutionGuid = {F520EB94-6C0D-4095-8B3B-B6EDB3C8A4F9}
	EndGlobalSection
EndGlobal
